
Microsoft Visual Studio Solution File, Format Version 12.00
# Visual Studio Version 17
VisualStudioVersion = 17.0.31903.59
MinimumVisualStudioVersion = 10.0.40219.1
Project("{2150E333-8FDC-42A3-9474-1A3956D46DE8}") = "src", "src", "{DA874637-EC3D-48FC-ABDD-5A0A6BD0ACD9}"
EndProject
Project("{2150E333-8FDC-42A3-9474-1A3956D46DE8}") = "BuildingBlocks", "BuildingBlocks", "{062E1B92-EA8D-4D5A-A132-A91F2E94F546}"
EndProject
Project("{FAE04EC0-301F-11D3-BF4B-00C04F79EFBC}") = "SharedKernel", "src\BuildingBlocks\SharedKernel\SharedKernel.csproj", "{C8374558-BE55-4AF9-8546-462503E97977}"
EndProject
Project("{FAE04EC0-301F-11D3-BF4B-00C04F79EFBC}") = "Infrastructure", "src\BuildingBlocks\Infrastructure\Infrastructure.csproj", "{41FC2332-3503-408C-8A4C-BD7FAE30AA70}"
EndProject
Project("{2150E333-8FDC-42A3-9474-1A3956D46DE8}") = "Services", "Services", "{5E8219A6-E211-4B19-9855-C5DC1612C001}"
EndProject
Project("{2150E333-8FDC-42A3-9474-1A3956D46DE8}") = "Catalog", "Catalog", "{EF1E7463-4BE7-4629-8701-23933F5B2CA6}"
EndProject
Project("{FAE04EC0-301F-11D3-BF4B-00C04F79EFBC}") = "Catalog.Api", "src\Services\Catalog\Catalog.Api\Catalog.Api.csproj", "{FE11B7B4-A713-48DE-8692-2B9D6A8DA71C}"
EndProject
Project("{2150E333-8FDC-42A3-9474-1A3956D46DE8}") = "Identity", "Identity", "{F5794EB0-5458-4AAC-A79B-6A9CE8AB0EBC}"
EndProject
Project("{FAE04EC0-301F-11D3-BF4B-00C04F79EFBC}") = "Identity.Api", "src\Services\Identity\Identity.Api\Identity.Api.csproj", "{210AB2C3-E619-4BD4-915C-07641A15908E}"
EndProject
Project("{2150E333-8FDC-42A3-9474-1A3956D46DE8}") = "ApiGateways", "ApiGateways", "{68696827-80E0-4553-94CF-FA59263E2CE5}"
EndProject
Project("{FAE04EC0-301F-11D3-BF4B-00C04F79EFBC}") = "Public.Bff", "src\ApiGateways\Public.Bff\Public.Bff.csproj", "{306B5F5A-A6B7-4F9E-9EA5-C32AB9D3C3A4}"
EndProject
Project("{2150E333-8FDC-42A3-9474-1A3956D46DE8}") = "tests", "tests", "{C8634479-33C0-4E7F-A0F4-7C1F09E16BB3}"
EndProject
Project("{2150E333-8FDC-42A3-9474-1A3956D46DE8}") = "Catalog", "Catalog", "{3375E4EE-415F-4643-80E4-8834E6D5A59B}"
EndProject
Project("{FAE04EC0-301F-11D3-BF4B-00C04F79EFBC}") = "Catalog.UnitTests", "tests\Catalog\Catalog.UnitTests\Catalog.UnitTests.csproj", "{9856A3E6-C9EF-4A43-8B98-A06D9EC3F89B}"
EndProject
Project("{FAE04EC0-301F-11D3-BF4B-00C04F79EFBC}") = "Catalog.IntegrationTests", "tests\Catalog\Catalog.IntegrationTests\Catalog.IntegrationTests.csproj", "{4AD7B5D9-12C8-431D-AA8E-115D1F200B11}"
EndProject
Project("{2150E333-8FDC-42A3-9474-1A3956D46DE8}") = "Identity", "Identity", "{EBC4327B-E23B-401C-AB18-8C32D78C6FD1}"
EndProject
Project("{FAE04EC0-301F-11D3-BF4B-00C04F79EFBC}") = "Identity.UnitTests", "tests\Identity\Identity.UnitTests\Identity.UnitTests.csproj", "{EDB87C49-178B-4566-BAD2-07863347B7FC}"
EndProject
Project("{FAE04EC0-301F-11D3-BF4B-00C04F79EFBC}") = "TestCommon", "tests\TestCommon\TestCommon.csproj", "{032A8008-FC6C-49D7-9F74-93725157CBA1}"
EndProject
Global
	GlobalSection(SolutionConfigurationPlatforms) = preSolution
		Debug|Any CPU = Debug|Any CPU
		Release|Any CPU = Release|Any CPU
	EndGlobalSection
	GlobalSection(SolutionProperties) = preSolution
		HideSolutionNode = FALSE
	EndGlobalSection
	GlobalSection(ProjectConfigurationPlatforms) = postSolution
		{C8374558-BE55-4AF9-8546-462503E97977}.Debug|Any CPU.ActiveCfg = Debug|Any CPU
		{C8374558-BE55-4AF9-8546-462503E97977}.Debug|Any CPU.Build.0 = Debug|Any CPU
		{C8374558-BE55-4AF9-8546-462503E97977}.Release|Any CPU.ActiveCfg = Release|Any CPU
		{C8374558-BE55-4AF9-8546-462503E97977}.Release|Any CPU.Build.0 = Release|Any CPU
		{41FC2332-3503-408C-8A4C-BD7FAE30AA70}.Debug|Any CPU.ActiveCfg = Debug|Any CPU
		{41FC2332-3503-408C-8A4C-BD7FAE30AA70}.Debug|Any CPU.Build.0 = Debug|Any CPU
		{41FC2332-3503-408C-8A4C-BD7FAE30AA70}.Release|Any CPU.ActiveCfg = Release|Any CPU
		{41FC2332-3503-408C-8A4C-BD7FAE30AA70}.Release|Any CPU.Build.0 = Release|Any CPU
		{FE11B7B4-A713-48DE-8692-2B9D6A8DA71C}.Debug|Any CPU.ActiveCfg = Debug|Any CPU
		{FE11B7B4-A713-48DE-8692-2B9D6A8DA71C}.Debug|Any CPU.Build.0 = Debug|Any CPU
		{FE11B7B4-A713-48DE-8692-2B9D6A8DA71C}.Release|Any CPU.ActiveCfg = Release|Any CPU
		{FE11B7B4-A713-48DE-8692-2B9D6A8DA71C}.Release|Any CPU.Build.0 = Release|Any CPU
		{210AB2C3-E619-4BD4-915C-07641A15908E}.Debug|Any CPU.ActiveCfg = Debug|Any CPU
		{210AB2C3-E619-4BD4-915C-07641A15908E}.Debug|Any CPU.Build.0 = Debug|Any CPU
		{210AB2C3-E619-4BD4-915C-07641A15908E}.Release|Any CPU.ActiveCfg = Release|Any CPU
		{210AB2C3-E619-4BD4-915C-07641A15908E}.Release|Any CPU.Build.0 = Release|Any CPU
		{306B5F5A-A6B7-4F9E-9EA5-C32AB9D3C3A4}.Debug|Any CPU.ActiveCfg = Debug|Any CPU
		{306B5F5A-A6B7-4F9E-9EA5-C32AB9D3C3A4}.Debug|Any CPU.Build.0 = Debug|Any CPU
		{306B5F5A-A6B7-4F9E-9EA5-C32AB9D3C3A4}.Release|Any CPU.ActiveCfg = Release|Any CPU
		{306B5F5A-A6B7-4F9E-9EA5-C32AB9D3C3A4}.Release|Any CPU.Build.0 = Release|Any CPU
		{9856A3E6-C9EF-4A43-8B98-A06D9EC3F89B}.Debug|Any CPU.ActiveCfg = Debug|Any CPU
		{9856A3E6-C9EF-4A43-8B98-A06D9EC3F89B}.Debug|Any CPU.Build.0 = Debug|Any CPU
		{9856A3E6-C9EF-4A43-8B98-A06D9EC3F89B}.Release|Any CPU.ActiveCfg = Release|Any CPU
		{9856A3E6-C9EF-4A43-8B98-A06D9EC3F89B}.Release|Any CPU.Build.0 = Release|Any CPU
		{4AD7B5D9-12C8-431D-AA8E-115D1F200B11}.Debug|Any CPU.ActiveCfg = Debug|Any CPU
		{4AD7B5D9-12C8-431D-AA8E-115D1F200B11}.Debug|Any CPU.Build.0 = Debug|Any CPU
		{4AD7B5D9-12C8-431D-AA8E-115D1F200B11}.Release|Any CPU.ActiveCfg = Release|Any CPU
		{4AD7B5D9-12C8-431D-AA8E-115D1F200B11}.Release|Any CPU.Build.0 = Release|Any CPU
		{EDB87C49-178B-4566-BAD2-07863347B7FC}.Debug|Any CPU.ActiveCfg = Debug|Any CPU
		{EDB87C49-178B-4566-BAD2-07863347B7FC}.Debug|Any CPU.Build.0 = Debug|Any CPU
		{EDB87C49-178B-4566-BAD2-07863347B7FC}.Release|Any CPU.ActiveCfg = Release|Any CPU
		{EDB87C49-178B-4566-BAD2-07863347B7FC}.Release|Any CPU.Build.0 = Release|Any CPU
		{032A8008-FC6C-49D7-9F74-93725157CBA1}.Debug|Any CPU.ActiveCfg = Debug|Any CPU
		{032A8008-FC6C-49D7-9F74-93725157CBA1}.Debug|Any CPU.Build.0 = Debug|Any CPU
		{032A8008-FC6C-49D7-9F74-93725157CBA1}.Release|Any CPU.ActiveCfg = Release|Any CPU
		{032A8008-FC6C-49D7-9F74-93725157CBA1}.Release|Any CPU.Build.0 = Release|Any CPU
	EndGlobalSection
	GlobalSection(NestedProjects) = preSolution
		{062E1B92-EA8D-4D5A-A132-A91F2E94F546} = {DA874637-EC3D-48FC-ABDD-5A0A6BD0ACD9}
		{C8374558-BE55-4AF9-8546-462503E97977} = {062E1B92-EA8D-4D5A-A132-A91F2E94F546}
		{41FC2332-3503-408C-8A4C-BD7FAE30AA70} = {062E1B92-EA8D-4D5A-A132-A91F2E94F546}
		{5E8219A6-E211-4B19-9855-C5DC1612C001} = {DA874637-EC3D-48FC-ABDD-5A0A6BD0ACD9}
		{EF1E7463-4BE7-4629-8701-23933F5B2CA6} = {5E8219A6-E211-4B19-9855-C5DC1612C001}
		{FE11B7B4-A713-48DE-8692-2B9D6A8DA71C} = {EF1E7463-4BE7-4629-8701-23933F5B2CA6}
		{F5794EB0-5458-4AAC-A79B-6A9CE8AB0EBC} = {5E8219A6-E211-4B19-9855-C5DC1612C001}
		{210AB2C3-E619-4BD4-915C-07641A15908E} = {F5794EB0-5458-4AAC-A79B-6A9CE8AB0EBC}
		{68696827-80E0-4553-94CF-FA59263E2CE5} = {DA874637-EC3D-48FC-ABDD-5A0A6BD0ACD9}
		{306B5F5A-A6B7-4F9E-9EA5-C32AB9D3C3A4} = {68696827-80E0-4553-94CF-FA59263E2CE5}
		{3375E4EE-415F-4643-80E4-8834E6D5A59B} = {C8634479-33C0-4E7F-A0F4-7C1F09E16BB3}
		{9856A3E6-C9EF-4A43-8B98-A06D9EC3F89B} = {3375E4EE-415F-4643-80E4-8834E6D5A59B}
		{4AD7B5D9-12C8-431D-AA8E-115D1F200B11} = {3375E4EE-415F-4643-80E4-8834E6D5A59B}
		{EBC4327B-E23B-401C-AB18-8C32D78C6FD1} = {C8634479-33C0-4E7F-A0F4-7C1F09E16BB3}
		{EDB87C49-178B-4566-BAD2-07863347B7FC} = {EBC4327B-E23B-401C-AB18-8C32D78C6FD1}
		{032A8008-FC6C-49D7-9F74-93725157CBA1} = {C8634479-33C0-4E7F-A0F4-7C1F09E16BB3}
	EndGlobalSection
EndGlobal
